// !$*UTF8*$!
{
	archiveVersion = 1;
	classes = {
	};
	objectVersion = 56;
	objects = {

/* Begin PBXBuildFile section */
		BE5485D02A81BA8700052FB0 /* AppDelegate.swift in Sources */ = {isa = PBXBuildFile; fileRef = BE5485CF2A81BA8700052FB0 /* AppDelegate.swift */; };
		BE5485D22A81BA8700052FB0 /* SceneDelegate.swift in Sources */ = {isa = PBXBuildFile; fileRef = BE5485D12A81BA8700052FB0 /* SceneDelegate.swift */; };
		BE5485D42A81BA8700052FB0 /* ViewController.swift in Sources */ = {isa = PBXBuildFile; fileRef = BE5485D32A81BA8700052FB0 /* ViewController.swift */; };
		BE5485D72A81BA8700052FB0 /* Main.storyboard in Resources */ = {isa = PBXBuildFile; fileRef = BE5485D52A81BA8700052FB0 /* Main.storyboard */; };
		BE5485D92A81BA8700052FB0 /* Assets.xcassets in Resources */ = {isa = PBXBuildFile; fileRef = BE5485D82A81BA8700052FB0 /* Assets.xcassets */; };
		BE5485DC2A81BA8700052FB0 /* LaunchScreen.storyboard in Resources */ = {isa = PBXBuildFile; fileRef = BE5485DA2A81BA8700052FB0 /* LaunchScreen.storyboard */; };
		BE5485E72A81BA8800052FB0 /* ClearifyTests.swift in Sources */ = {isa = PBXBuildFile; fileRef = BE5485E62A81BA8800052FB0 /* ClearifyTests.swift */; };
		BE5485F12A81BA8800052FB0 /* ClearifyUITests.swift in Sources */ = {isa = PBXBuildFile; fileRef = BE5485F02A81BA8800052FB0 /* ClearifyUITests.swift */; };
		BE5485F32A81BA8800052FB0 /* ClearifyUITestsLaunchTests.swift in Sources */ = {isa = PBXBuildFile; fileRef = BE5485F22A81BA8800052FB0 /* ClearifyUITestsLaunchTests.swift */; };
/* End PBXBuildFile section */

/* Begin PBXContainerItemProxy section */
		BE5485E32A81BA8800052FB0 /* PBXContainerItemProxy */ = {
			isa = PBXContainerItemProxy;
			containerPortal = BE5485C42A81BA8600052FB0 /* Project object */;
			proxyType = 1;
			remoteGlobalIDString = BE5485CB2A81BA8600052FB0;
			remoteInfo = Clearify;
		};
		BE5485ED2A81BA8800052FB0 /* PBXContainerItemProxy */ = {
			isa = PBXContainerItemProxy;
			containerPortal = BE5485C42A81BA8600052FB0 /* Project object */;
			proxyType = 1;
			remoteGlobalIDString = BE5485CB2A81BA8600052FB0;
			remoteInfo = Clearify;
		};
/* End PBXContainerItemProxy section */

/* Begin PBXFileReference section */
		BE5485CC2A81BA8700052FB0 /* Clearify.app */ = {isa = PBXFileReference; explicitFileType = wrapper.application; includeInIndex = 0; path = Clearify.app; sourceTree = BUILT_PRODUCTS_DIR; };
		BE5485CF2A81BA8700052FB0 /* AppDelegate.swift */ = {isa = PBXFileReference; lastKnownFileType = sourcecode.swift; path = AppDelegate.swift; sourceTree = "<group>"; };
		BE5485D12A81BA8700052FB0 /* SceneDelegate.swift */ = {isa = PBXFileReference; lastKnownFileType = sourcecode.swift; path = SceneDelegate.swift; sourceTree = "<group>"; };
		BE5485D32A81BA8700052FB0 /* ViewController.swift */ = {isa = PBXFileReference; lastKnownFileType = sourcecode.swift; path = ViewController.swift; sourceTree = "<group>"; };
		BE5485D62A81BA8700052FB0 /* Base */ = {isa = PBXFileReference; lastKnownFileType = file.storyboard; name = Base; path = Base.lproj/Main.storyboard; sourceTree = "<group>"; };
		BE5485D82A81BA8700052FB0 /* Assets.xcassets */ = {isa = PBXFileReference; lastKnownFileType = folder.assetcatalog; path = Assets.xcassets; sourceTree = "<group>"; };
		BE5485DB2A81BA8700052FB0 /* Base */ = {isa = PBXFileReference; lastKnownFileType = file.storyboard; name = Base; path = Base.lproj/LaunchScreen.storyboard; sourceTree = "<group>"; };
		BE5485DD2A81BA8700052FB0 /* Info.plist */ = {isa = PBXFileReference; lastKnownFileType = text.plist.xml; path = Info.plist; sourceTree = "<group>"; };
		BE5485E22A81BA8800052FB0 /* ClearifyTests.xctest */ = {isa = PBXFileReference; explicitFileType = wrapper.cfbundle; includeInIndex = 0; path = ClearifyTests.xctest; sourceTree = BUILT_PRODUCTS_DIR; };
		BE5485E62A81BA8800052FB0 /* ClearifyTests.swift */ = {isa = PBXFileReference; lastKnownFileType = sourcecode.swift; path = ClearifyTests.swift; sourceTree = "<group>"; };
		BE5485EC2A81BA8800052FB0 /* ClearifyUITests.xctest */ = {isa = PBXFileReference; explicitFileType = wrapper.cfbundle; includeInIndex = 0; path = ClearifyUITests.xctest; sourceTree = BUILT_PRODUCTS_DIR; };
		BE5485F02A81BA8800052FB0 /* ClearifyUITests.swift */ = {isa = PBXFileReference; lastKnownFileType = sourcecode.swift; path = ClearifyUITests.swift; sourceTree = "<group>"; };
		BE5485F22A81BA8800052FB0 /* ClearifyUITestsLaunchTests.swift */ = {isa = PBXFileReference; lastKnownFileType = sourcecode.swift; path = ClearifyUITestsLaunchTests.swift; sourceTree = "<group>"; };
/* End PBXFileReference section */

/* Begin PBXFrameworksBuildPhase section */
		BE5485C92A81BA8600052FB0 /* Frameworks */ = {
			isa = PBXFrameworksBuildPhase;
			buildActionMask = 2147483647;
			files = (
			);
			runOnlyForDeploymentPostprocessing = 0;
		};
		BE5485DF2A81BA8800052FB0 /* Frameworks */ = {
			isa = PBXFrameworksBuildPhase;
			buildActionMask = 2147483647;
			files = (
			);
			runOnlyForDeploymentPostprocessing = 0;
		};
		BE5485E92A81BA8800052FB0 /* Frameworks */ = {
			isa = PBXFrameworksBuildPhase;
			buildActionMask = 2147483647;
			files = (
			);
			runOnlyForDeploymentPostprocessing = 0;
		};
/* End PBXFrameworksBuildPhase section */

/* Begin PBXGroup section */
		BE5485C32A81BA8600052FB0 = {
			isa = PBXGroup;
			children = (
				BE5485CE2A81BA8700052FB0 /* Clearify */,
				BE5485E52A81BA8800052FB0 /* ClearifyTests */,
				BE5485EF2A81BA8800052FB0 /* ClearifyUITests */,
				BE5485CD2A81BA8700052FB0 /* Products */,
			);
			sourceTree = "<group>";
		};
		BE5485CD2A81BA8700052FB0 /* Products */ = {
			isa = PBXGroup;
			children = (
				BE5485CC2A81BA8700052FB0 /* Clearify.app */,
				BE5485E22A81BA8800052FB0 /* ClearifyTests.xctest */,
				BE5485EC2A81BA8800052FB0 /* ClearifyUITests.xctest */,
			);
			name = Products;
			sourceTree = "<group>";
		};
		BE5485CE2A81BA8700052FB0 /* Clearify */ = {
			isa = PBXGroup;
			children = (
				BE5485CF2A81BA8700052FB0 /* AppDelegate.swift */,
				BE5485D12A81BA8700052FB0 /* SceneDelegate.swift */,
				BE5485D32A81BA8700052FB0 /* ViewController.swift */,
				BE5485D52A81BA8700052FB0 /* Main.storyboard */,
				BE5485D82A81BA8700052FB0 /* Assets.xcassets */,
				BE5485DA2A81BA8700052FB0 /* LaunchScreen.storyboard */,
				BE5485DD2A81BA8700052FB0 /* Info.plist */,
			);
			path = Clearify;
			sourceTree = "<group>";
		};
		BE5485E52A81BA8800052FB0 /* ClearifyTests */ = {
			isa = PBXGroup;
			children = (
				BE5485E62A81BA8800052FB0 /* ClearifyTests.swift */,
			);
			path = ClearifyTests;
			sourceTree = "<group>";
		};
		BE5485EF2A81BA8800052FB0 /* ClearifyUITests */ = {
			isa = PBXGroup;
			children = (
				BE5485F02A81BA8800052FB0 /* ClearifyUITests.swift */,
				BE5485F22A81BA8800052FB0 /* ClearifyUITestsLaunchTests.swift */,
			);
			path = ClearifyUITests;
			sourceTree = "<group>";
		};
/* End PBXGroup section */

/* Begin PBXNativeTarget section */
		BE5485CB2A81BA8600052FB0 /* Clearify */ = {
			isa = PBXNativeTarget;
			buildConfigurationList = BE5485F62A81BA8800052FB0 /* Build configuration list for PBXNativeTarget "Clearify" */;
			buildPhases = (
				BE5485C82A81BA8600052FB0 /* Sources */,
				BE5485C92A81BA8600052FB0 /* Frameworks */,
				BE5485CA2A81BA8600052FB0 /* Resources */,
			);
			buildRules = (
			);
			dependencies = (
			);
			name = Clearify;
			productName = Clearify;
			productReference = BE5485CC2A81BA8700052FB0 /* Clearify.app */;
			productType = "com.apple.product-type.application";
		};
		BE5485E12A81BA8800052FB0 /* ClearifyTests */ = {
			isa = PBXNativeTarget;
			buildConfigurationList = BE5485F92A81BA8800052FB0 /* Build configuration list for PBXNativeTarget "ClearifyTests" */;
			buildPhases = (
				BE5485DE2A81BA8800052FB0 /* Sources */,
				BE5485DF2A81BA8800052FB0 /* Frameworks */,
				BE5485E02A81BA8800052FB0 /* Resources */,
			);
			buildRules = (
			);
			dependencies = (
				BE5485E42A81BA8800052FB0 /* PBXTargetDependency */,
			);
			name = ClearifyTests;
			productName = ClearifyTests;
			productReference = BE5485E22A81BA8800052FB0 /* ClearifyTests.xctest */;
			productType = "com.apple.product-type.bundle.unit-test";
		};
		BE5485EB2A81BA8800052FB0 /* ClearifyUITests */ = {
			isa = PBXNativeTarget;
			buildConfigurationList = BE5485FC2A81BA8800052FB0 /* Build configuration list for PBXNativeTarget "ClearifyUITests" */;
			buildPhases = (
				BE5485E82A81BA8800052FB0 /* Sources */,
				BE5485E92A81BA8800052FB0 /* Frameworks */,
				BE5485EA2A81BA8800052FB0 /* Resources */,
			);
			buildRules = (
			);
			dependencies = (
				BE5485EE2A81BA8800052FB0 /* PBXTargetDependency */,
			);
			name = ClearifyUITests;
			productName = ClearifyUITests;
			productReference = BE5485EC2A81BA8800052FB0 /* ClearifyUITests.xctest */;
			productType = "com.apple.product-type.bundle.ui-testing";
		};
/* End PBXNativeTarget section */

/* Begin PBXProject section */
		BE5485C42A81BA8600052FB0 /* Project object */ = {
			isa = PBXProject;
			attributes = {
				BuildIndependentTargetsInParallel = 1;
				LastSwiftUpdateCheck = 1430;
				LastUpgradeCheck = 1430;
				TargetAttributes = {
					BE5485CB2A81BA8600052FB0 = {
						CreatedOnToolsVersion = 14.3.1;
					};
					BE5485E12A81BA8800052FB0 = {
						CreatedOnToolsVersion = 14.3.1;
						TestTargetID = BE5485CB2A81BA8600052FB0;
					};
					BE5485EB2A81BA8800052FB0 = {
						CreatedOnToolsVersion = 14.3.1;
						TestTargetID = BE5485CB2A81BA8600052FB0;
					};
				};
			};
			buildConfigurationList = BE5485C72A81BA8600052FB0 /* Build configuration list for PBXProject "Clearify" */;
			compatibilityVersion = "Xcode 14.0";
			developmentRegion = en;
			hasScannedForEncodings = 0;
			knownRegions = (
				en,
				Base,
			);
			mainGroup = BE5485C32A81BA8600052FB0;
			productRefGroup = BE5485CD2A81BA8700052FB0 /* Products */;
			projectDirPath = "";
			projectRoot = "";
			targets = (
				BE5485CB2A81BA8600052FB0 /* Clearify */,
				BE5485E12A81BA8800052FB0 /* ClearifyTests */,
				BE5485EB2A81BA8800052FB0 /* ClearifyUITests */,
			);
		};
/* End PBXProject section */

/* Begin PBXResourcesBuildPhase section */
		BE5485CA2A81BA8600052FB0 /* Resources */ = {
			isa = PBXResourcesBuildPhase;
			buildActionMask = 2147483647;
			files = (
				BE5485DC2A81BA8700052FB0 /* LaunchScreen.storyboard in Resources */,
				BE5485D92A81BA8700052FB0 /* Assets.xcassets in Resources */,
				BE5485D72A81BA8700052FB0 /* Main.storyboard in Resources */,
			);
			runOnlyForDeploymentPostprocessing = 0;
		};
		BE5485E02A81BA8800052FB0 /* Resources */ = {
			isa = PBXResourcesBuildPhase;
			buildActionMask = 2147483647;
			files = (
			);
			runOnlyForDeploymentPostprocessing = 0;
		};
		BE5485EA2A81BA8800052FB0 /* Resources */ = {
			isa = PBXResourcesBuildPhase;
			buildActionMask = 2147483647;
			files = (
			);
			runOnlyForDeploymentPostprocessing = 0;
		};
/* End PBXResourcesBuildPhase section */

/* Begin PBXSourcesBuildPhase section */
		BE5485C82A81BA8600052FB0 /* Sources */ = {
			isa = PBXSourcesBuildPhase;
			buildActionMask = 2147483647;
			files = (
				BE5485D42A81BA8700052FB0 /* ViewController.swift in Sources */,
				BE5485D02A81BA8700052FB0 /* AppDelegate.swift in Sources */,
				BE5485D22A81BA8700052FB0 /* SceneDelegate.swift in Sources */,
			);
			runOnlyForDeploymentPostprocessing = 0;
		};
		BE5485DE2A81BA8800052FB0 /* Sources */ = {
			isa = PBXSourcesBuildPhase;
			buildActionMask = 2147483647;
			files = (
				BE5485E72A81BA8800052FB0 /* ClearifyTests.swift in Sources */,
			);
			runOnlyForDeploymentPostprocessing = 0;
		};
		BE5485E82A81BA8800052FB0 /* Sources */ = {
			isa = PBXSourcesBuildPhase;
			buildActionMask = 2147483647;
			files = (
				BE5485F32A81BA8800052FB0 /* ClearifyUITestsLaunchTests.swift in Sources */,
				BE5485F12A81BA8800052FB0 /* ClearifyUITests.swift in Sources */,
			);
			runOnlyForDeploymentPostprocessing = 0;
		};
/* End PBXSourcesBuildPhase section */

/* Begin PBXTargetDependency section */
		BE5485E42A81BA8800052FB0 /* PBXTargetDependency */ = {
			isa = PBXTargetDependency;
			target = BE5485CB2A81BA8600052FB0 /* Clearify */;
			targetProxy = BE5485E32A81BA8800052FB0 /* PBXContainerItemProxy */;
		};
		BE5485EE2A81BA8800052FB0 /* PBXTargetDependency */ = {
			isa = PBXTargetDependency;
			target = BE5485CB2A81BA8600052FB0 /* Clearify */;
			targetProxy = BE5485ED2A81BA8800052FB0 /* PBXContainerItemProxy */;
		};
/* End PBXTargetDependency section */

/* Begin PBXVariantGroup section */
		BE5485D52A81BA8700052FB0 /* Main.storyboard */ = {
			isa = PBXVariantGroup;
			children = (
				BE5485D62A81BA8700052FB0 /* Base */,
			);
			name = Main.storyboard;
			sourceTree = "<group>";
		};
		BE5485DA2A81BA8700052FB0 /* LaunchScreen.storyboard */ = {
			isa = PBXVariantGroup;
			children = (
				BE5485DB2A81BA8700052FB0 /* Base */,
			);
			name = LaunchScreen.storyboard;
			sourceTree = "<group>";
		};
/* End PBXVariantGroup section */

/* Begin XCBuildConfiguration section */
		BE5485F42A81BA8800052FB0 /* Debug */ = {
			isa = XCBuildConfiguration;
			buildSettings = {
				ALWAYS_SEARCH_USER_PATHS = NO;
				CLANG_ANALYZER_NONNULL = YES;
				CLANG_ANALYZER_NUMBER_OBJECT_CONVERSION = YES_AGGRESSIVE;
				CLANG_CXX_LANGUAGE_STANDARD = "gnu++20";
				CLANG_ENABLE_MODULES = YES;
				CLANG_ENABLE_OBJC_ARC = YES;
				CLANG_ENABLE_OBJC_WEAK = YES;
				CLANG_WARN_BLOCK_CAPTURE_AUTORELEASING = YES;
				CLANG_WARN_BOOL_CONVERSION = YES;
				CLANG_WARN_COMMA = YES;
				CLANG_WARN_CONSTANT_CONVERSION = YES;
				CLANG_WARN_DEPRECATED_OBJC_IMPLEMENTATIONS = YES;
				CLANG_WARN_DIRECT_OBJC_ISA_USAGE = YES_ERROR;
				CLANG_WARN_DOCUMENTATION_COMMENTS = YES;
				CLANG_WARN_EMPTY_BODY = YES;
				CLANG_WARN_ENUM_CONVERSION = YES;
				CLANG_WARN_INFINITE_RECURSION = YES;
				CLANG_WARN_INT_CONVERSION = YES;
				CLANG_WARN_NON_LITERAL_NULL_CONVERSION = YES;
				CLANG_WARN_OBJC_IMPLICIT_RETAIN_SELF = YES;
				CLANG_WARN_OBJC_LITERAL_CONVERSION = YES;
				CLANG_WARN_OBJC_ROOT_CLASS = YES_ERROR;
				CLANG_WARN_QUOTED_INCLUDE_IN_FRAMEWORK_HEADER = YES;
				CLANG_WARN_RANGE_LOOP_ANALYSIS = YES;
				CLANG_WARN_STRICT_PROTOTYPES = YES;
				CLANG_WARN_SUSPICIOUS_MOVE = YES;
				CLANG_WARN_UNGUARDED_AVAILABILITY = YES_AGGRESSIVE;
				CLANG_WARN_UNREACHABLE_CODE = YES;
				CLANG_WARN__DUPLICATE_METHOD_MATCH = YES;
				COPY_PHASE_STRIP = NO;
				DEBUG_INFORMATION_FORMAT = dwarf;
				ENABLE_STRICT_OBJC_MSGSEND = YES;
				ENABLE_TESTABILITY = YES;
				GCC_C_LANGUAGE_STANDARD = gnu11;
				GCC_DYNAMIC_NO_PIC = NO;
				GCC_NO_COMMON_BLOCKS = YES;
				GCC_OPTIMIZATION_LEVEL = 0;
				GCC_PREPROCESSOR_DEFINITIONS = (
					"DEBUG=1",
					"$(inherited)",
				);
				GCC_WARN_64_TO_32_BIT_CONVERSION = YES;
				GCC_WARN_ABOUT_RETURN_TYPE = YES_ERROR;
				GCC_WARN_UNDECLARED_SELECTOR = YES;
				GCC_WARN_UNINITIALIZED_AUTOS = YES_AGGRESSIVE;
				GCC_WARN_UNUSED_FUNCTION = YES;
				GCC_WARN_UNUSED_VARIABLE = YES;
				IPHONEOS_DEPLOYMENT_TARGET = 16.4;
				MTL_ENABLE_DEBUG_INFO = INCLUDE_SOURCE;
				MTL_FAST_MATH = YES;
				ONLY_ACTIVE_ARCH = YES;
				SDKROOT = iphoneos;
				SWIFT_ACTIVE_COMPILATION_CONDITIONS = DEBUG;
				SWIFT_OPTIMIZATION_LEVEL = "-Onone";
			};
			name = Debug;
		};
		BE5485F52A81BA8800052FB0 /* Release */ = {
			isa = XCBuildConfiguration;
			buildSettings = {
				ALWAYS_SEARCH_USER_PATHS = NO;
				CLANG_ANALYZER_NONNULL = YES;
				CLANG_ANALYZER_NUMBER_OBJECT_CONVERSION = YES_AGGRESSIVE;
				CLANG_CXX_LANGUAGE_STANDARD = "gnu++20";
				CLANG_ENABLE_MODULES = YES;
				CLANG_ENABLE_OBJC_ARC = YES;
				CLANG_ENABLE_OBJC_WEAK = YES;
				CLANG_WARN_BLOCK_CAPTURE_AUTORELEASING = YES;
				CLANG_WARN_BOOL_CONVERSION = YES;
				CLANG_WARN_COMMA = YES;
				CLANG_WARN_CONSTANT_CONVERSION = YES;
				CLANG_WARN_DEPRECATED_OBJC_IMPLEMENTATIONS = YES;
				CLANG_WARN_DIRECT_OBJC_ISA_USAGE = YES_ERROR;
				CLANG_WARN_DOCUMENTATION_COMMENTS = YES;
				CLANG_WARN_EMPTY_BODY = YES;
				CLANG_WARN_ENUM_CONVERSION = YES;
				CLANG_WARN_INFINITE_RECURSION = YES;
				CLANG_WARN_INT_CONVERSION = YES;
				CLANG_WARN_NON_LITERAL_NULL_CONVERSION = YES;
				CLANG_WARN_OBJC_IMPLICIT_RETAIN_SELF = YES;
				CLANG_WARN_OBJC_LITERAL_CONVERSION = YES;
				CLANG_WARN_OBJC_ROOT_CLASS = YES_ERROR;
				CLANG_WARN_QUOTED_INCLUDE_IN_FRAMEWORK_HEADER = YES;
				CLANG_WARN_RANGE_LOOP_ANALYSIS = YES;
				CLANG_WARN_STRICT_PROTOTYPES = YES;
				CLANG_WARN_SUSPICIOUS_MOVE = YES;
				CLANG_WARN_UNGUARDED_AVAILABILITY = YES_AGGRESSIVE;
				CLANG_WARN_UNREACHABLE_CODE = YES;
				CLANG_WARN__DUPLICATE_METHOD_MATCH = YES;
				COPY_PHASE_STRIP = NO;
				DEBUG_INFORMATION_FORMAT = "dwarf-with-dsym";
				ENABLE_NS_ASSERTIONS = NO;
				ENABLE_STRICT_OBJC_MSGSEND = YES;
				GCC_C_LANGUAGE_STANDARD = gnu11;
				GCC_NO_COMMON_BLOCKS = YES;
				GCC_WARN_64_TO_32_BIT_CONVERSION = YES;
				GCC_WARN_ABOUT_RETURN_TYPE = YES_ERROR;
				GCC_WARN_UNDECLARED_SELECTOR = YES;
				GCC_WARN_UNINITIALIZED_AUTOS = YES_AGGRESSIVE;
				GCC_WARN_UNUSED_FUNCTION = YES;
				GCC_WARN_UNUSED_VARIABLE = YES;
				IPHONEOS_DEPLOYMENT_TARGET = 16.4;
				MTL_ENABLE_DEBUG_INFO = NO;
				MTL_FAST_MATH = YES;
				SDKROOT = iphoneos;
				SWIFT_COMPILATION_MODE = wholemodule;
				SWIFT_OPTIMIZATION_LEVEL = "-O";
				VALIDATE_PRODUCT = YES;
			};
			name = Release;
		};
		BE5485F72A81BA8800052FB0 /* Debug */ = {
			isa = XCBuildConfiguration;
			buildSettings = {
				ASSETCATALOG_COMPILER_APPICON_NAME = AppIcon;
				ASSETCATALOG_COMPILER_GLOBAL_ACCENT_COLOR_NAME = AccentColor;
				CODE_SIGN_STYLE = Automatic;
				CURRENT_PROJECT_VERSION = 1;
				GENERATE_INFOPLIST_FILE = YES;
				INFOPLIST_FILE = Clearify/Info.plist;
				INFOPLIST_KEY_UIApplicationSupportsIndirectInputEvents = YES;
				INFOPLIST_KEY_UILaunchStoryboardName = LaunchScreen;
				INFOPLIST_KEY_UIMainStoryboardFile = Main;
				INFOPLIST_KEY_UISupportedInterfaceOrientations_iPad = "UIInterfaceOrientationPortrait UIInterfaceOrientationPortraitUpsideDown UIInterfaceOrientationLandscapeLeft UIInterfaceOrientationLandscapeRight";
				INFOPLIST_KEY_UISupportedInterfaceOrientations_iPhone = "UIInterfaceOrientationPortrait UIInterfaceOrientationLandscapeLeft UIInterfaceOrientationLandscapeRight";
				LD_RUNPATH_SEARCH_PATHS = (
					"$(inherited)",
					"@executable_path/Frameworks",
				);
				MARKETING_VERSION = 1.0;
				PRODUCT_BUNDLE_IDENTIFIER = chloelee.Clearify;
				PRODUCT_NAME = "$(TARGET_NAME)";
				SWIFT_EMIT_LOC_STRINGS = YES;
				SWIFT_VERSION = 5.0;
				TARGETED_DEVICE_FAMILY = "1,2";
			};
			name = Debug;
		};
		BE5485F82A81BA8800052FB0 /* Release */ = {
			isa = XCBuildConfiguration;
			buildSettings = {
				ASSETCATALOG_COMPILER_APPICON_NAME = AppIcon;
				ASSETCATALOG_COMPILER_GLOBAL_ACCENT_COLOR_NAME = AccentColor;
				CODE_SIGN_STYLE = Automatic;
				CURRENT_PROJECT_VERSION = 1;
				GENERATE_INFOPLIST_FILE = YES;
				INFOPLIST_FILE = Clearify/Info.plist;
				INFOPLIST_KEY_UIApplicationSupportsIndirectInputEvents = YES;
				INFOPLIST_KEY_UILaunchStoryboardName = LaunchScreen;
				INFOPLIST_KEY_UIMainStoryboardFile = Main;
				INFOPLIST_KEY_UISupportedInterfaceOrientations_iPad = "UIInterfaceOrientationPortrait UIInterfaceOrientationPortraitUpsideDown UIInterfaceOrientationLandscapeLeft UIInterfaceOrientationLandscapeRight";
				INFOPLIST_KEY_UISupportedInterfaceOrientations_iPhone = "UIInterfaceOrientationPortrait UIInterfaceOrientationLandscapeLeft UIInterfaceOrientationLandscapeRight";
				LD_RUNPATH_SEARCH_PATHS = (
					"$(inherited)",
					"@executable_path/Frameworks",
				);
				MARKETING_VERSION = 1.0;
				PRODUCT_BUNDLE_IDENTIFIER = chloelee.Clearify;
				PRODUCT_NAME = "$(TARGET_NAME)";
				SWIFT_EMIT_LOC_STRINGS = YES;
				SWIFT_VERSION = 5.0;
				TARGETED_DEVICE_FAMILY = "1,2";
			};
			name = Release;
		};
		BE5485FA2A81BA8800052FB0 /* Debug */ = {
			isa = XCBuildConfiguration;
			buildSettings = {
				ALWAYS_EMBED_SWIFT_STANDARD_LIBRARIES = YES;
				BUNDLE_LOADER = "$(TEST_HOST)";
				CODE_SIGN_STYLE = Automatic;
				CURRENT_PROJECT_VERSION = 1;
				GENERATE_INFOPLIST_FILE = YES;
				IPHONEOS_DEPLOYMENT_TARGET = 16.4;
				MARKETING_VERSION = 1.0;
				PRODUCT_BUNDLE_IDENTIFIER = chloelee.ClearifyTests;
				PRODUCT_NAME = "$(TARGET_NAME)";
				SWIFT_EMIT_LOC_STRINGS = NO;
				SWIFT_VERSION = 5.0;
				TARGETED_DEVICE_FAMILY = "1,2";
				TEST_HOST = "$(BUILT_PRODUCTS_DIR)/Clearify.app/$(BUNDLE_EXECUTABLE_FOLDER_PATH)/Clearify";
			};
			name = Debug;
		};
		BE5485FB2A81BA8800052FB0 /* Release */ = {
			isa = XCBuildConfiguration;
			buildSettings = {
				ALWAYS_EMBED_SWIFT_STANDARD_LIBRARIES = YES;
				BUNDLE_LOADER = "$(TEST_HOST)";
				CODE_SIGN_STYLE = Automatic;
				CURRENT_PROJECT_VERSION = 1;
				GENERATE_INFOPLIST_FILE = YES;
				IPHONEOS_DEPLOYMENT_TARGET = 16.4;
				MARKETING_VERSION = 1.0;
				PRODUCT_BUNDLE_IDENTIFIER = chloelee.ClearifyTests;
				PRODUCT_NAME = "$(TARGET_NAME)";
				SWIFT_EMIT_LOC_STRINGS = NO;
				SWIFT_VERSION = 5.0;
				TARGETED_DEVICE_FAMILY = "1,2";
				TEST_HOST = "$(BUILT_PRODUCTS_DIR)/Clearify.app/$(BUNDLE_EXECUTABLE_FOLDER_PATH)/Clearify";
			};
			name = Release;
		};
		BE5485FD2A81BA8800052FB0 /* Debug */ = {
			isa = XCBuildConfiguration;
			buildSettings = {
				ALWAYS_EMBED_SWIFT_STANDARD_LIBRARIES = YES;
				CODE_SIGN_STYLE = Automatic;
				CURRENT_PROJECT_VERSION = 1;
				GENERATE_INFOPLIST_FILE = YES;
				MARKETING_VERSION = 1.0;
				PRODUCT_BUNDLE_IDENTIFIER = chloelee.ClearifyUITests;
				PRODUCT_NAME = "$(TARGET_NAME)";
				SWIFT_EMIT_LOC_STRINGS = NO;
				SWIFT_VERSION = 5.0;
				TARGETED_DEVICE_FAMILY = "1,2";
				TEST_TARGET_NAME = Clearify;
			};
			name = Debug;
		};
		BE5485FE2A81BA8800052FB0 /* Release */ = {
			isa = XCBuildConfiguration;
			buildSettings = {
				ALWAYS_EMBED_SWIFT_STANDARD_LIBRARIES = YES;
				CODE_SIGN_STYLE = Automatic;
				CURRENT_PROJECT_VERSION = 1;
				GENERATE_INFOPLIST_FILE = YES;
				MARKETING_VERSION = 1.0;
				PRODUCT_BUNDLE_IDENTIFIER = chloelee.ClearifyUITests;
				PRODUCT_NAME = "$(TARGET_NAME)";
				SWIFT_EMIT_LOC_STRINGS = NO;
				SWIFT_VERSION = 5.0;
				TARGETED_DEVICE_FAMILY = "1,2";
				TEST_TARGET_NAME = Clearify;
			};
			name = Release;
		};
/* End XCBuildConfiguration section */

/* Begin XCConfigurationList section */
		BE5485C72A81BA8600052FB0 /* Build configuration list for PBXProject "Clearify" */ = {
			isa = XCConfigurationList;
			buildConfigurations = (
				BE5485F42A81BA8800052FB0 /* Debug */,
				BE5485F52A81BA8800052FB0 /* Release */,
			);
			defaultConfigurationIsVisible = 0;
			defaultConfigurationName = Release;
		};
		BE5485F62A81BA8800052FB0 /* Build configuration list for PBXNativeTarget "Clearify" */ = {
			isa = XCConfigurationList;
			buildConfigurations = (
				BE5485F72A81BA8800052FB0 /* Debug */,
				BE5485F82A81BA8800052FB0 /* Release */,
			);
			defaultConfigurationIsVisible = 0;
			defaultConfigurationName = Release;
		};
		BE5485F92A81BA8800052FB0 /* Build configuration list for PBXNativeTarget "ClearifyTests" */ = {
			isa = XCConfigurationList;
			buildConfigurations = (
				BE5485FA2A81BA8800052FB0 /* Debug */,
				BE5485FB2A81BA8800052FB0 /* Release */,
			);
			defaultConfigurationIsVisible = 0;
			defaultConfigurationName = Release;
		};
		BE5485FC2A81BA8800052FB0 /* Build configuration list for PBXNativeTarget "ClearifyUITests" */ = {
			isa = XCConfigurationList;
			buildConfigurations = (
				BE5485FD2A81BA8800052FB0 /* Debug */,
				BE5485FE2A81BA8800052FB0 /* Release */,
			);
			defaultConfigurationIsVisible = 0;
			defaultConfigurationName = Release;
		};
/* End XCConfigurationList section */
	};
	rootObject = BE5485C42A81BA8600052FB0 /* Project object */;
}
